
Microsoft Visual Studio Solution File, Format Version 12.00
# SQL Server Management Studio Version 22
VisualStudioVersion = 18.2.11415.280
MinimumVisualStudioVersion = 10.0.40219.1
Project("{4F2E2C19-372F-40D8-9FA7-9D2138C6997A}") = "CesiDW", "CesiDW\CesiDW.ssmssqlproj", "{3898426A-60F0-4D36-AC20-73174FE87C2B}"
EndProject
Project("{4F2E2C19-372F-40D8-9FA7-9D2138C6997A}") = "CesiDW_Trash", "CesiDW_Trash\CesiDW_Trash.ssmssqlproj", "{87412656-9D5F-45B1-81E5-0BEC37EDA920}"
EndProject
Project("{4F2E2C19-372F-40D8-9FA7-9D2138C6997A}") = "DB2021", "DB2021\DB2021.ssmssqlproj", "{5CED9C88-A1FD-4B8A-B418-8C284C31CF3B}"
EndProject
Project("{42EA0DBD-9CF1-443E-919E-BE9C484E4577}") = "SQLDB_CesiDW", "SQLDB_CesiDW\SQLDB_CesiDW.sqlproj", "{D3F09DBC-3FBA-4629-91C8-8E6EA9214F36}"
EndProject
Global
	GlobalSection(SolutionConfigurationPlatforms) = preSolution
		Debug|Any CPU = Debug|Any CPU
		Default|Any CPU = Default|Any CPU
		Release|Any CPU = Release|Any CPU
	EndGlobalSection
	GlobalSection(ProjectConfigurationPlatforms) = postSolution
		{3898426A-60F0-4D36-AC20-73174FE87C2B}.Debug|Any CPU.ActiveCfg = Default
		{3898426A-60F0-4D36-AC20-73174FE87C2B}.Default|Any CPU.ActiveCfg = Default
		{3898426A-60F0-4D36-AC20-73174FE87C2B}.Release|Any CPU.ActiveCfg = Default
		{87412656-9D5F-45B1-81E5-0BEC37EDA920}.Debug|Any CPU.ActiveCfg = Default
		{87412656-9D5F-45B1-81E5-0BEC37EDA920}.Default|Any CPU.ActiveCfg = Default
		{87412656-9D5F-45B1-81E5-0BEC37EDA920}.Release|Any CPU.ActiveCfg = Default
		{5CED9C88-A1FD-4B8A-B418-8C284C31CF3B}.Debug|Any CPU.ActiveCfg = Default
		{5CED9C88-A1FD-4B8A-B418-8C284C31CF3B}.Default|Any CPU.ActiveCfg = Default
		{5CED9C88-A1FD-4B8A-B418-8C284C31CF3B}.Release|Any CPU.ActiveCfg = Default
		{D3F09DBC-3FBA-4629-91C8-8E6EA9214F36}.Debug|Any CPU.ActiveCfg = Debug|Any CPU
		{D3F09DBC-3FBA-4629-91C8-8E6EA9214F36}.Debug|Any CPU.Build.0 = Debug|Any CPU
		{D3F09DBC-3FBA-4629-91C8-8E6EA9214F36}.Default|Any CPU.ActiveCfg = Release|Any CPU
		{D3F09DBC-3FBA-4629-91C8-8E6EA9214F36}.Default|Any CPU.Build.0 = Release|Any CPU
		{D3F09DBC-3FBA-4629-91C8-8E6EA9214F36}.Release|Any CPU.ActiveCfg = Release|Any CPU
		{D3F09DBC-3FBA-4629-91C8-8E6EA9214F36}.Release|Any CPU.Build.0 = Release|Any CPU
		{8D9B8CC6-412A-4234-884A-A891DDD970C6}.Debug|Any CPU.ActiveCfg = Default
		{8D9B8CC6-412A-4234-884A-A891DDD970C6}.Default|Any CPU.ActiveCfg = Default
		{8D9B8CC6-412A-4234-884A-A891DDD970C6}.Release|Any CPU.ActiveCfg = Default
	EndGlobalSection
	GlobalSection(SolutionProperties) = preSolution
		HideSolutionNode = FALSE
	EndGlobalSection
	GlobalSection(ExtensibilityGlobals) = postSolution
		SolutionGuid = {281EC10B-01AD-43E1-B015-CBFC90E90103}
	EndGlobalSection
EndGlobal
